
Microsoft Visual Studio Solution File, Format Version 12.00
# Visual Studio Version 17
VisualStudioVersion = 17.10.34916.146
MinimumVisualStudioVersion = 10.0.40219.1
Project("{FAE04EC0-301F-11D3-BF4B-00C04F79EFBC}") = "WebApplication12", "WebApplication12\WebApplication12.csproj", "{141B6606-EB65-4EFD-B13E-023970B951D7}"
EndProject
Global
	GlobalSection(SolutionConfigurationPlatforms) = preSolution
		Debug|Any CPU = Debug|Any CPU
		Release|Any CPU = Release|Any CPU
	EndGlobalSection
	GlobalSection(ProjectConfigurationPlatforms) = postSolution
		{141B6606-EB65-4EFD-B13E-023970B951D7}.Debug|Any CPU.ActiveCfg = Debug|Any CPU
		{141B6606-EB65-4EFD-B13E-023970B951D7}.Debug|Any CPU.Build.0 = Debug|Any CPU
		{141B6606-EB65-4EFD-B13E-023970B951D7}.Release|Any CPU.ActiveCfg = Release|Any CPU
		{141B6606-EB65-4EFD-B13E-023970B951D7}.Release|Any CPU.Build.0 = Release|Any CPU
	EndGlobalSection
	GlobalSection(SolutionProperties) = preSolution
		HideSolutionNode = FALSE
	EndGlobalSection
	GlobalSection(ExtensibilityGlobals) = postSolution
		SolutionGuid = {4E742C01-2D1A-4309-B7CA-963B7478E013}
	EndGlobalSection
EndGlobal
